{
  "name": "element-ui-prefix",
  "version": "2.1.4",
  "lockfileVersion": 1,
  "requires": true,
  "dependencies": {
    "ab-loader": {
      "version": "1.2.2",
      "resolved": "https://registry.npmjs.org/ab-loader/-/ab-loader-1.2.2.tgz",
      "integrity": "sha512-5CvUPlXMqXp4KlwO477G06QPM5XPKhzAZn8cJpzLvyIRlGUfmAmg3tQ8GBFTA0h4kKAj4KfnJ7EPm09Es7YlDA==",
      "dev": true
    },
    "cooking-loader-prefix": {
      "version": "0.0.0",
      "resolved": "https://registry.npmjs.org/cooking-loader-prefix/-/cooking-loader-prefix-0.0.0.tgz",
      "integrity": "sha512-F2fuyG9CldUFudPdnXGSL5O5xT2+BlE15V5PZa6P3Na0lrpse/ftTbE/umOfW+JTKkH5gBe5QcfBY93Egxs1Ag==",
      "dev": true
    }
  }
}
